lockfileVersion: '9.0'

settings:
  autoInstallPeers: false
  excludeLinksFromLockfile: false

importers:

  .: {}

  packages/ui:
    dependencies:
      '@tamagui/config':
        specifier: 1.108.4
        version: 1.108.4
      '@tamagui/lucide-icons':
        specifier: 1.108.4
        version: 1.108.4
      tamagui:
        specifier: 1.108.4
        version: 1.108.4

packages:

  '@floating-ui/core@1.7.5':
    resolution: {integrity: sha512-1Ih4WTWyw0+lKyFMcBHGbb5U5FtuHJuujoyyr5zTaWS5EYMeT6Jb2AuDeftsCsEuchO+mM2ij5+q9crhydzLhQ==}

  '@floating-ui/dom@1.7.6':
    resolution: {integrity: sha512-9gZSAI5XM36880PPMm//9dfiEngYoC6Am2izES1FF406YFsjvyBMmeJ2g4SAju3xWwtuynNRFL2s9hgxpLI5SQ==}

  '@floating-ui/react-dom@2.1.8':
    resolution: {integrity: sha512-cC52bHwM/n/CxS87FH0yWdngEZrjdtLW/qVruo68qg+prK7ZQ4YGdut2GyDVpoGeAYe/h899rVeOVm6Oi40k2A==}
    peerDependencies:
      react: '>=16.8.0'
      react-dom: '>=16.8.0'

  '@floating-ui/react-native@0.10.9':
    resolution: {integrity: sha512-8lLF/hrfCLPSeMljMbFi/cxVjtFTZyg1XHFiuZtXirbBiEfTvCgD0a1YUo2fpG4wa9Fa8Nz4HSq4TmdV+JuxwQ==}
    peerDependencies:
      react: '>=16.8.0'
      react-native: '>=0.64.0'

  '@floating-ui/react@0.26.28':
    resolution: {integrity: sha512-yORQuuAtVpiRjpMhdc0wJj06b9JFjrYF4qp96j++v2NBpbi6SEGF7donUJ3TMieerQ6qVkAv1tgr7L4r5roTqw==}
    peerDependencies:
      react: '>=16.8.0'
      react-dom: '>=16.8.0'

  '@floating-ui/utils@0.2.11':
    resolution: {integrity: sha512-RiB/yIh78pcIxl6lLMG0CgBXAZ2Y0eVHqMPYugu+9U0AeT6YBeiJpf7lbdJNIugFP5SIjwNRgo4DhR1Qxi26Gg==}

  '@react-native/normalize-color@2.1.0':
    resolution: {integrity: sha512-Z1jQI2NpdFJCVgpY+8Dq/Bt3d+YUi1928Q+/CZm/oh66fzM0RUl54vvuXlPJKybH4pdCZey1eDTPaLHkMPNgWA==}

  '@tamagui/accordion@1.108.4':
    resolution: {integrity: sha512-QjQvF4ufC6vpTeZZ66wFVxhG3Hf9etxE45k0cnEmTPNgXQCSoaxgtoTQKaiEde1Zc5CabLRg2ANfyTowaKTnSA==}
    peerDependencies:
      react: '*'

  '@tamagui/adapt@1.108.4':
    resolution: {integrity: sha512-xDIKpaxUJAELSDuLxvYx1K0i46aE81ywN7RVg+qj+pu1f8+pmLxEItvAQhfGnFUQLzmvmrU9+i1xEwVOqeqtIw==}

  '@tamagui/alert-dialog@1.108.4':
    resolution: {integrity: sha512-fl0PGZCqOSSUZ7SU3QK14Wekb+WadOENsmNYBTNqYtTaWG8+2OrUB9FN6/oatycV/QLhlnmqkzQ4T/QyPxyXeg==}
    peerDependencies:
      react: '*'

  '@tamagui/animate-presence@1.108.4':
    resolution: {integrity: sha512-Lxf6hQ0cJxmXzTcTwYl96TGdgf/RfQAAVDFHeXHqll9MSNLm/O1CQ1eeffdL95Q+iSH9WVHQn1KjpTf7r/SAIg==}

  '@tamagui/animate@1.108.4':
    resolution: {integrity: sha512-J3NvE5LT+pzx03U8XHjf0VtY+KpqFtwX8ZJnkbeStdJ7fcM7r04/gvuc1gliS6MxZYcwF9DwQ7WcEs5rVY3MRQ==}

  '@tamagui/animations-css@1.108.4':
    resolution: {integrity: sha512-dJHLx+j5KBfmq7JwEqCNM2wd7LGJFL1wlVWAaHpmvclYuyacuRzqHL6uLmZfd3KrR67Wm9hN/8MbJDvlnRUauw==}
    peerDependencies:
      react: '*'

  '@tamagui/animations-moti@1.108.4':
    resolution: {integrity: sha512-Rp7GuuMNtyUFqRqRK+N6d/aXL4n2l7+/CqCoFyN1s5EqCHlm7Wzqa8+KLzB/qdiqCy3P9/IQi+39JxMyMyNGcw==}
    peerDependencies:
      moti: '*'
      react: '*'

  '@tamagui/animations-react-native@1.108.4':
    resolution: {integrity: sha512-TxEkTMZCGpP6lOyKgbFcPLhai39yXhFRkNyt4hMRnVwEQddS79AYQYRTuXx7KF6/2WU6XnY4tWw5r150ogh+Uw==}
    peerDependencies:
      react: '*'

  '@tamagui/aria-hidden@1.108.4':
    resolution: {integrity: sha512-maO8nB5ZyduQQtpJv6jXLk6UY+QpS0+Fy6pR0AegDYM2DLUUYIChdzGQXSjns43SnEHTLNvnnfPQahFTeAMgMA==}
    peerDependencies:
      react: '*'

  '@tamagui/avatar@1.108.4':
    resolution: {integrity: sha512-PerUrPbssu2tCSo38p0rHrC1dF8W2p2fXQ4oTZUgrwBHUtIaLHPPedAsebUYlOTLsrfKRd13h+qg32USvr46vg==}
    peerDependencies:
      react: '*'

  '@tamagui/button@1.108.4':
    resolution: {integrity: sha512-srv6DXwq+0CA6UQeKZmSrOZpXgsraRpU0/Qg02Dsm9mzuwg35/bHmObyvTAV+bKHj2bQ++BvriF1CXLkL0mCVg==}
    peerDependencies:
      react: '*'

  '@tamagui/card@1.108.4':
    resolution: {integrity: sha512-5LMDP35sRxSri7jBpYj2t0dViAXImrIMIwIK8MeP0W+Zwy6IHx2awWYuQMr8tsrgZAKelTpUfAelodRtrcvdwQ==}
    peerDependencies:
      react: '*'

  '@tamagui/checkbox-headless@1.108.4':
    resolution: {integrity: sha512-Q1yxevU/NFg1/IMiRiNzKQtVZ2oqqH2pNySWN1u+YnliniAie9HwWr2LTXjZuSDbDezQyoc5O71BqRitc5RhJA==}
    peerDependencies:
      react: '*'

  '@tamagui/checkbox@1.108.4':
    resolution: {integrity: sha512-ktNI4/vG/Slds8sxX7pnxopvoynHPxnOrnkNK5rPS6xFugTxNomzbD2RMeLJaoIdBSw69nlTpLoc6u8cifCxPA==}
    peerDependencies:
      react: '*'

  '@tamagui/collapsible@1.108.4':
    resolution: {integrity: sha512-b/eUA19uMFVerWGU3dT9KJCyO7gHMD0Eb4jj44g/v9SoGSCAjfUY4vFBjIOxetkiC0CbVu6dJFqBKtFWwM0YCA==}
    peerDependencies:
      react: '*'

  '@tamagui/collection@1.108.4':
    resolution: {integrity: sha512-jipLCwpQQV521Acqt/bwBnFFphcYFlSf5NDHkjp3KYmq/BOb5cclz+Dw42e8rkuipMC36obs9W4h2jVYaLHyew==}
    peerDependencies:
      react: '*'

  '@tamagui/colors@1.108.4':
    resolution: {integrity: sha512-cwI0p0dt7SMTnLcbwf+qWm48flYCu/fjaXYorFaEUiaEpISyAGel79neFkKXosFOzNrpvvMLzp7Srowa2IZCMQ==}

  '@tamagui/compose-refs@1.108.4':
    resolution: {integrity: sha512-tSRZEgIiqZbtgIRTpQBTyBGT6VNP1KhmbRoVeGrkgVdqbVE9h5rzOaA5TGlpYfvf2Q2zCGPipecXCeTLVb0Gqg==}
    peerDependencies:
      react: '*'

  '@tamagui/config@1.108.4':
    resolution: {integrity: sha512-9FDufL7y0DeHiqFYRQy8ulJ0x0ToMSJAxpITJNFNaGZE33pkuBm9SmzFSuioULaEdz4tUDImtqEFLBCJEXrG+A==}

  '@tamagui/constants@1.108.4':
    resolution: {integrity: sha512-ANhzsYqnpSPz9r5AuxGUWEngB1Zgoj79VuEZ//tP4uZ1h6UbUCqqTOmukJAwt2ZZF5PLlDzTYXhj2ipWmOoxGw==}
    peerDependencies:
      react: '*'

  '@tamagui/core@1.108.4':
    resolution: {integrity: sha512-5XP250QK7ZJSunEp65gSPQB1M8cgwRkYEQ2dj2+AVoIdoW2dCesxJEOkrVOu/WBAiFHPLy1ERtrkDy8rKNlo8w==}

  '@tamagui/create-context@1.108.4':
    resolution: {integrity: sha512-/rj8uDMezkLIrBqMGk0V5nxsvtItRQC/yddikT1/fOpH4qZQxcGtjh0nUtpvrRZ6qUMwx8s4uJmXVuZUqQGCjg==}
    peerDependencies:
      react: '*'

  '@tamagui/create-theme@1.108.4':
    resolution: {integrity: sha512-ZgvRi73n+McBf+UzF1ioOhLwDIYfljgAosTluqghWegG4LmwPBsQE5cQXTQrSSJI7kxn3XqedBmZn0vA707ELQ==}

  '@tamagui/cubic-bezier-animator@1.108.4':
    resolution: {integrity: sha512-BRHjTT8nhtbv0HRNYFYqe7F2CSzO14V5frpBohpUkRiywrAXXpjtDYbqaRUsFZEfTziJTd/USJs87Y9X2OnVgg==}

  '@tamagui/dialog@1.108.4':
    resolution: {integrity: sha512-yP6yJlODy6J01maPKHbvXYFRw4UswMvIMNcWmkqTlJJQ4G5DL37EJ4oCPuLsaRjL2bvexeRHJTcv0j7FBdwhfg==}
    peerDependencies:
      react: '*'

  '@tamagui/dismissable@1.108.4':
    resolution: {integrity: sha512-LOeuvMOSOQfSRHkax3qA7SwH7kHr4JfxwaETZW1dRm206LaIrjblSDqr6ZM8cu8+vybpNsb6n2ad+5UtEZsDfg==}
    peerDependencies:
      react: '*'

  '@tamagui/elements@1.108.4':
    resolution: {integrity: sha512-/k/xbBz3NU2Vjpb+KE7MPia5QjErUGzPvFUkbxQ1gyyTLovCMAEPowNnWzqBO+wBb7PAXvhb61oRWSfD4Ln8ww==}
    peerDependencies:
      react: '*'

  '@tamagui/fake-react-native@1.108.4':
    resolution: {integrity: sha512-E/aumUhOYt5HW5wKVB+xTWh712WsDcjBdVldCPB59Ap4dzm76cWyzOp80YnllzCfRezkPjxQzW0JWMrEun+RKQ==}

  '@tamagui/floating@1.108.4':
    resolution: {integrity: sha512-1eNhRvwV435znRZfuHoLVZr0YA94qlE07S2bBYcrA1baOh/6ObZibRkqWJmPN8MJLnyYsFahJGGvCtVdnrbKeQ==}
    peerDependencies:
      react: '*'

  '@tamagui/focus-scope@1.108.4':
    resolution: {integrity: sha512-/Lh7gUAH04feQ2ekNqXU/iOo3ff6t2P9qWBnLMf+hUXrYR+tqJVlcfOKSutAk7Ng2bHbc08J8MoIO9x9rvxskw==}
    peerDependencies:
      react: '*'

  '@tamagui/focusable@1.108.4':
    resolution: {integrity: sha512-5Zjzdz9yeXh9E7LBYtFkMuIb8Rwkcc783Tt1TFYCVFruTA3afDYwJfUdC4QKg8wlV+Cu2wDd4EJ+pLx/3TqXog==}
    peerDependencies:
      react: '*'

  '@tamagui/font-inter@1.108.4':
    resolution: {integrity: sha512-WtxO5+HMTaK7IkYajGZo9fQIk+bto0TW5rYaTmgTWEzW5lyMRunPl/8TodE/3HlrBzJE9tnYvAt8M6n+dF8Rhg==}

  '@tamagui/font-silkscreen@1.108.4':
    resolution: {integrity: sha512-yqalt+iGx0dFhjvmHp0h1fJqWcgIhr+x5P0Eg43MAGINO3Xr3bTx0ht2F99+ldHU6yyVvKTWAefJDZfZwJG1aw==}

  '@tamagui/font-size@1.108.4':
    resolution: {integrity: sha512-+8U+CUiUgmZhyX26ocqgj+mluTeFepcoZrFSTY3VN7JNHDSvLw1Xdryu0FTsWI2gBaYhT0lE09ObOE/JPGCIwg==}
    peerDependencies:
      react: '*'

  '@tamagui/form@1.108.4':
    resolution: {integrity: sha512-Nv30WCUnuL9U8jbm+GDtZq/cMbQmuuz30QRbIzqxdYk6kCuhH/tv/NEgQWCdf+Y307COHWIaxIjIAvBZQuY0uw==}
    peerDependencies:
      react: '*'

  '@tamagui/get-button-sized@1.108.4':
    resolution: {integrity: sha512-Z0igEZUFX0GlMyRZ4bG2oFW1mU6HGOgE8PFmq9hN5tueGUW6DpHZh6bilUNdi/qs+A9Rhb7eWlB8Rxr8TYS6Bg==}
    peerDependencies:
      react: '*'

  '@tamagui/get-font-sized@1.108.4':
    resolution: {integrity: sha512-+BFKRgzub7izeGDEJW2eRwfSUSuXY/M8STwJPSyn2epCoz/0MUKNoo6QAoqR9AP3FnMOiOiS6+nSLncVS+/GHg==}
    peerDependencies:
      react: '*'

  '@tamagui/get-token@1.108.4':
    resolution: {integrity: sha512-MVSK4vviTMbbzrC9KYvgFkpxtUxflKnOhc0G7go2bjcotj2n6cqAh9QibnCcsnL6p9YSIsukdcWlWvfCcY9Rvg==}
    peerDependencies:
      react: '*'

  '@tamagui/group@1.108.4':
    resolution: {integrity: sha512-DzRluknufR5LGW0fNl/W3PJNkf5ZmDy6hzvq3tcVbPjEN74AiOrVVXHqZv6A0BY+qxCYFugtMeCX8bHX8ovL3A==}
    peerDependencies:
      react: '*'

  '@tamagui/helpers-icon@1.108.4':
    resolution: {integrity: sha512-XL4VIqYkG1F2kiDq6/JU0a2IifChf/hIbsMLUQsMm8pNgZo4V8Iuov3MFa7kC/Y35HvQfFSfzO+Bgxg/FFN1Uw==}
    peerDependencies:
      react: '*'
      react-native-svg: '>=12'

  '@tamagui/helpers-tamagui@1.108.4':
    resolution: {integrity: sha512-eUs88ex/1Fwx23gZio3I8GWo8/veY7hW4mdcswiuMVzma0aleY5apdyo9mxUixoxAKcWNBnhR67x/CaTxnwjPw==}
    peerDependencies:
      react: '*'

  '@tamagui/helpers@1.108.4':
    resolution: {integrity: sha512-Ju+bA3nwdqNz4OatmGJ2m8ihaemgv6lbvuG/WdGoTP/twINPEQhVBKAH/c4zWevO/9PZ1vT/wksJ3aUyhbfCKQ==}

  '@tamagui/image@1.108.4':
    resolution: {integrity: sha512-tgxQLyLxvCx1pQtbHFhsK4jR0vVAm0vlOGdvc1T1524mW2Fp8oGP3p9Q7qBFTzsSQWUAhN5EPh5/yVDLWuFHsQ==}
    peerDependencies:
      react: '*'

  '@tamagui/label@1.108.4':
    resolution: {integrity: sha512-1vfChKRsaQKx/KRY4dLOAWZEeKBmP/uEwOVEzjfMoW6se0Xt1rB3TGQ3dhHXFKCouLn2FE8a7cN7dUbrfBKbfA==}
    peerDependencies:
      react: '*'
      react-native: '*'

  '@tamagui/linear-gradient@1.108.4':
    resolution: {integrity: sha512-MxMR1l3+uW6PgWcTF6oIQtSb/y9t5Ft8WJ2FJ4pkwxL0B5Kz3n2/x17adGej31BboXPQeR2ddG93Avw/tP4pjA==}
    peerDependencies:
      react: '*'

  '@tamagui/list-item@1.108.4':
    resolution: {integrity: sha512-Iul/TMhU48ytSlYBngl+7uSw5/LYzvSJfgABp19S+8QIUzuqgJPU5LLeJHhbedaJAmKJJuWEWGuQsYCkJoGQzw==}
    peerDependencies:
      react: '*'

  '@tamagui/lucide-icons@1.108.4':
    resolution: {integrity: sha512-gPPalJiWLlvIMKFqiOCK9S4vKnRDZ69ixwosWRtNOYW3V5cJU4cBHS+zTg1RFu+oc8sYboqhBs0U+BOWEv87Zg==}
    peerDependencies:
      react: '*'
      react-native-svg: '>=12'

  '@tamagui/normalize-css-color@1.108.4':
    resolution: {integrity: sha512-Mb5F8ANqLPCtLxTWd9elwxk//QEepTnSDmSD5xOidhn4EMxtnBXoefC9acldAaI2CMYY//fb2HO+Wq3m1Ws+4Q==}

  '@tamagui/polyfill-dev@1.108.4':
    resolution: {integrity: sha512-5FYzWStEFbOaKoxbP2oE6J6dzIcZZkInpLUW4ETmM17xjfqFGKE1AMousnCuYVLhbagE5vkCIv4mbWja5WC4oA==}

  '@tamagui/popover@1.108.4':
    resolution: {integrity: sha512-pcn4pCMum3GjdBpF/Iqh9E21DXHj6gnAcNK1Hb0b3QgHf0eixtskPYhY5X9xVEBgUuFfDDP6/zGk2epBeWm6Uw==}
    peerDependencies:
      react: '*'

  '@tamagui/popper@1.108.4':
    resolution: {integrity: sha512-e8VXvWT9hdxCE7jL0QOKqi72hCj10hbB6YVCQaLzdWDYGGjNy6QhJSYzWCSUCTOGgm5Of4Q6uABA3ZEXfJedkw==}
    peerDependencies:
      react: '*'

  '@tamagui/portal@1.108.4':
    resolution: {integrity: sha512-quRO/GRGsOKtviLUb0/15dL//Q7zcJ2VS0wk5aj+odMOKB26sKoZ7twL9fuZvWk2A2ErGwzB1W4KG/mPwoPBMg==}
    peerDependencies:
      react: '*'

  '@tamagui/progress@1.108.4':
    resolution: {integrity: sha512-JXsT510stViR3yAdjrq44AayIJR7bA3hIuy9fRQQeqHHarDsQZzEhY68Zjsxd0d5JkR4PmEOcB9L6SoxFZhYfw==}
    peerDependencies:
      react: '*'

  '@tamagui/radio-group@1.108.4':
    resolution: {integrity: sha512-ORa69ioy01WeZgvq3+By1ZznKeWucxA1kT1zQ2sOEldwyNYTRX7/1EQjcFrUV3uUptMtyVODSCqn0bJMzQ4R2g==}
    peerDependencies:
      react: '*'

  '@tamagui/radio-headless@1.108.4':
    resolution: {integrity: sha512-etRUcfo+XX1MwP99DMqxgOGypKpiaz6qqfnDxj8bmkQq92j2wVzABiKjLnXIQcz8ROvmYKewinG8o86wyuVJ8g==}
    peerDependencies:
      react: '*'

  '@tamagui/react-native-media-driver@1.108.4':
    resolution: {integrity: sha512-V/zXnGDC0GQkTeDOXqCTWNvUmowkzoNtcnfFteDiKomWxA6CtX9PpSC5J0j4C49JZJzFyfF8Vei8vi4FbHtpjA==}
    peerDependencies:
      react-native: '*'

  '@tamagui/react-native-use-pressable@1.108.4':
    resolution: {integrity: sha512-cW0vgZlQXHQ6b0fa51YyazedPlAq9IeNVnt5XEziuvSGHnQy/TlYxuB0OfDvg5Jv3jGekN/CjTG8ESxAVYn3+g==}
    peerDependencies:
      react: '*'

  '@tamagui/react-native-use-responder-events@1.108.4':
    resolution: {integrity: sha512-S42AT5XhUsjaRrqpFijcrqfXHv+PCcgxw1MceJVqT8QokzLaDOe84mFKz9krIEz0fip/Xk5P/uZp1JmCamFI1Q==}
    peerDependencies:
      react: '*'

  '@tamagui/remove-scroll@1.108.4':
    resolution: {integrity: sha512-8c2AenK34V3ugYRHqeD/a2OL1+nz4TfJxwU+inifH8/8FnRmsv9jT9mqRErLtSM2QyfwbczM6cx8syllSp/dcg==}
    peerDependencies:
      react: '*'

  '@tamagui/roving-focus@1.108.4':
    resolution: {integrity: sha512-s++1+UUziG882s9Kpz28/RB2QeZoScY3ALXxilPzuQFLoKlZd/948MfdAc01lEFYAkL4YMnIEAOsyW7YVRQNAA==}
    peerDependencies:
      react: '*'

  '@tamagui/scroll-view@1.108.4':
    resolution: {integrity: sha512-3pD6UkdlXrmRnq+i+xK8DEqEXN8QiRkpOEq1tmGukKle+UNNABWI5gAI3hpBtIL6xsLQlCl33WYmC1tR/48TKA==}
    peerDependencies:
      react: '*'

  '@tamagui/select@1.108.4':
    resolution: {integrity: sha512-0l7BeasOeF/XkCIknk6jTSwpyXSK3XZ4yfbeTEEpJFsD2a4BLExB87VLjWYjJ0Ym9kuWJnKsIsHTjDyqJML8BA==}
    peerDependencies:
      react: '*'

  '@tamagui/separator@1.108.4':
    resolution: {integrity: sha512-E59lO7uBjX0bgcgkJTCkAVLARMUKgxB8724N7mqFL9b+Zr31iEMdoTiKqx8St35aI/jMNwnI197HGKb4ztKB2A==}
    peerDependencies:
      react: '*'

  '@tamagui/shapes@1.108.4':
    resolution: {integrity: sha512-nzWAVcUHDNy/9SrkQmLIYlKANwgnYh2bM+zXKfakiLnp8uGxmVzJ+OjnKVrP5LMHa634ckD1Jx9cO2F1Aa17ew==}
    peerDependencies:
      react: '*'

  '@tamagui/sheet@1.108.4':
    resolution: {integrity: sha512-sYs+Q5n1CuTqFlHI9fY71CdKRU5iMr4ht1Xrw4HMYrOuqaaXpiUj45dg/nOngbS6O/Juz58HjNkRr1wZb/mSkw==}
    peerDependencies:
      react: '*'

  '@tamagui/shorthands@1.108.4':
    resolution: {integrity: sha512-wApjSGOedp5FXnZdZU3OV532lfem38PXOE3uKbjSESpvbvJCE/laRERALhQFBHj/uw6d3Nwpf9zTq4Bk3wwqaw==}

  '@tamagui/simple-hash@1.108.4':
    resolution: {integrity: sha512-i4GhN2E3HJ7pgsikctW+y+N4Ts/j5rCuXq8VD74ErDrI9ifhu3StqENDtuvv3rtBxz24lQ7MZfKrTp7UAZqNLw==}

  '@tamagui/slider@1.108.4':
    resolution: {integrity: sha512-tCLr9JCZAdz4z49hBDD/mHHlTTo/SDaA3LsbeXCNRj2sLcOiVG1DpZK7FNHUNgnrvBfMMwe3adpK59S6JHMxQg==}
    peerDependencies:
      react: '*'

  '@tamagui/stacks@1.108.4':
    resolution: {integrity: sha512-ULPlie1pFMLyDnp9BDBfDCgr0YrAVWECwSmEygpMsrfWH0q9um58RUEZ6KQ1RHYKu5lEFKm5SIPUnC7A02MzEQ==}
    peerDependencies:
      react: '*'

  '@tamagui/switch-headless@1.108.4':
    resolution: {integrity: sha512-C5wjU0NFlM0WG5VsyLOsyjJCdrO4Mm1dtgUvOc9/6F8er7L5WduvX43KUsXxjoIvEJmvI/WWPSJh3PKOdvVWOw==}
    peerDependencies:
      react: '*'

  '@tamagui/switch@1.108.4':
    resolution: {integrity: sha512-A3DO63mcNUwzwsvdbXrsQJdtBYivG6IaBJ98XW7ACfmvFA4dN5dnypUq9uBopFhor6hnhKTXPkTct/CrXamHkw==}
    peerDependencies:
      react: '*'

  '@tamagui/tabs@1.108.4':
    resolution: {integrity: sha512-m3e4/CxQtvyGHxBC9ak1Dn+8k+q34xGXrctcAsDojrTryuR2f6EQfbNdf8mUHy956IJyW1UmS7KJGBg2FTafkw==}
    peerDependencies:
      react: '*'

  '@tamagui/text@1.108.4':
    resolution: {integrity: sha512-J82NwIg5DzBgQAbMlI3JhVRY7R7txTWY9nMwZ5jgqqqPXup5XrN1L+vyai4lupBThfn0+RRUMutl+QoP7NnVRA==}
    peerDependencies:
      react: '*'

  '@tamagui/theme-builder@1.108.4':
    resolution: {integrity: sha512-rP98iRCLUXuyeIbXatZ4BFQTPGVvLkAPPfkgc/xSZxTMALSF2T3jkHlJ8kujZ4Pj1/QwjJAFprsRthtkTvdNrQ==}

  '@tamagui/theme@1.108.4':
    resolution: {integrity: sha512-3+1YE7jBL7H2K2BWuQkGvQcfGoQc4kjmE/3k/S4cxE4yn14RmPhZ2qbPViy1ShNA2EhJVwTyzNLjR5ClcLPZWQ==}
    peerDependencies:
      react: '*'

  '@tamagui/themes@1.108.4':
    resolution: {integrity: sha512-dRqGX+k/smAVnoh7j9ZCRsVgjqeGENwmGQhehOsZtlMoQb+4N/hZYtlcYTwV5R+Ut6j309Yqc5t8pQ7U7zV9Bw==}

  '@tamagui/timer@1.108.4':
    resolution: {integrity: sha512-htC3szvCkK0uicVsnLm6rc22bP8ARwGZ9AVrA36y07bZ6tIJkmf8bbh+ZgG3sYPmuqk8kExvlG/+Jj8FN4TovA==}

  '@tamagui/toggle-group@1.108.4':
    resolution: {integrity: sha512-c9TwKGCZLbbTB+5XDewoRgNHL7lWky4dYnwkfgeNu1KjmRda0mEtvM+P9nsJwfBgQQjXNYbYl/jjeC96PG7yqA==}
    peerDependencies:
      react: '*'

  '@tamagui/tooltip@1.108.4':
    resolution: {integrity: sha512-9pZmjz5+qB9SsVuVu7wffOIOKkQurmJiyXT+kdzqGZWYsMnj7sb8r1+0REK4F8uqzd/aCD9DhBx5YTVwZjWmpA==}
    peerDependencies:
      react: '*'

  '@tamagui/types@1.108.4':
    resolution: {integrity: sha512-wvJkUo1+RDheX+bu9GEX9o6dGCz5vnHb78DaBQmqYi3ZRHsqL5N7nuS0O1cszRoRzcsmZ8cxaQYcHXWQ/V6Srg==}

  '@tamagui/use-callback-ref@1.108.4':
    resolution: {integrity: sha512-Wd0lIpqHjeofMgdyX24AZNOatd23SlALIUJ/W2mfPKN3lhpuPlcyzn6PekjbtbxmOAD7FCz/l/lJOtm5ViUesg==}

  '@tamagui/use-constant@1.108.4':
    resolution: {integrity: sha512-QjIXuM+y66zjDYE5Vzbb96kcdjtBrGmtcgJhgJYiYz4DHwY4quMx497J802Ph/uc3d/zMtQE1rI2PoUAsS7POQ==}
    peerDependencies:
      react: '*'

  '@tamagui/use-controllable-state@1.108.4':
    resolution: {integrity: sha512-63In0O1/QMeVBXaxtLrEujy2Htobm4rQ03NrcnY0UbWAsf/AscqLw7ULEFYqBFsIJYbCn6YmTGoCfon8M3Beng==}
    peerDependencies:
      react: '*'

  '@tamagui/use-debounce@1.108.4':
    resolution: {integrity: sha512-qxDeanCK/JJlF65AVPmSuX4GIPieBlovbkQuCWbameCl7oIMwlswwaFlw7gBUd4lPMMoWBX1fQcqGZ6ZAtz7rw==}
    peerDependencies:
      react: '*'

  '@tamagui/use-did-finish-ssr@1.108.4':
    resolution: {integrity: sha512-HYtgcp9l81Hw706V/P6RbHFVqc0o9rF1ETv7KlTiLU0LurWSPSIdA4RwroLrNPMlbPo2Qjn0xTg0t3/OPxEeyA==}
    peerDependencies:
      react: '*'

  '@tamagui/use-direction@1.108.4':
    resolution: {integrity: sha512-+Jje7+PShbRiKqZBADVNzqzcUoGRXiOSO5ckiCWi5IO0iaHbw5771Imv5Kbgu8DFs3LA9kMDew4U2TD9tUPhbg==}
    peerDependencies:
      react: '*'

  '@tamagui/use-escape-keydown@1.108.4':
    resolution: {integrity: sha512-LIjda4c6w/0t4TI05wzVbWtrkP1M/Bz4lpbcRrLTC/hln0iiH5tCw5BhdmwfD5FGa8C3YWHEy3l9fXN2j3wlxQ==}

  '@tamagui/use-event@1.108.4':
    resolution: {integrity: sha512-VBR1MgmGfXzLe/56Tft79kaNZu7P3JPbFBQOJAJhhwPE41TIdbnR7VDgAkx+ZtS8jmZ9GG7sn+uYzHniNcWTgQ==}
    peerDependencies:
      react: '*'

  '@tamagui/use-force-update@1.108.4':
    resolution: {integrity: sha512-ZIo9To2XwCBK/z33TB+lz69SEWPZMNJmFhByFfuD79AfiPRqM1eC2zHO7Sv8IpzRGQJfHVy8pXlHOGjAXEulRg==}
    peerDependencies:
      react: '*'

  '@tamagui/use-keyboard-visible@1.108.4':
    resolution: {integrity: sha512-wvxbSqNn1FcJ2I9AnA7KU56BHCoF0Hpbqb0oOnwd7QYRffwD0EEEPpq+wwcp1hofDNZYpRju1DrLyRVONDYgow==}
    peerDependencies:
      react: '*'

  '@tamagui/use-presence@1.108.4':
    resolution: {integrity: sha512-cqDnAvS2tIJF5OsgJPsVE0J5TW5Zd6ZA1V3bOAmpHYhActS6vhYSthFs+5nwmJ/tbXYqHgtZDZr39W7PjToAWw==}
    peerDependencies:
      react: '*'

  '@tamagui/use-previous@1.108.4':
    resolution: {integrity: sha512-/EGtLRGP5U/PVdVpb+7YMd93za0o/AhWEgyWeadH5u+lG7uGkDDZOjO9TWjk8GoCCTBFhoLfw5rwzLFMk1tmIg==}

  '@tamagui/use-window-dimensions@1.108.4':
    resolution: {integrity: sha512-Fpw1mBpAgjoz4H+AsqU2wPJWst1rM+qsNESzkcNuN6puSeTIV1YJQGzp79R9jSEMZePSHWAk//7kAdw1GwKojQ==}
    peerDependencies:
      react: '*'

  '@tamagui/visually-hidden@1.108.4':
    resolution: {integrity: sha512-BMFY1SHTzC7/n9BmniBsoQeaKGH/SojJgLYPKFVQjmoTdh3TxeMoKyVhBxbjMe3xz6552XDJ8BdlVzvJ/uONBw==}
    peerDependencies:
      react: '*'

  '@tamagui/web@1.108.4':
    resolution: {integrity: sha512-6k0cwfHTOzGgnBCgK/PG3CKtIRyEO72l40cbo8uaasMqTT8k3Y6g+uNT2dq254UJHRtZoEvM99FawxENqHEH/g==}

  aria-hidden@1.2.6:
    resolution: {integrity: sha512-ik3ZgC9dY/lYVVM++OISsaYDeg1tb0VtP5uL3ouh1koGOaUMDPpbFIei4JkFimWUFPn90sbMNMXQAIVOlnYKJA==}
    engines: {node: '>=10'}

  color2k@2.0.3:
    resolution: {integrity: sha512-zW190nQTIoXcGCaU08DvVNFTmQhUpnJfVuAKfWqUQkflXKpaDdpaYoM0iluLS9lgJNHyBF58KKA2FBEwkD7wog==}

  detect-node-es@1.1.0:
    resolution: {integrity: sha512-ypdmJU/TbBby2Dxibuv7ZLW3Bs1QEmM7nHjEANfohJLvE0XVujisn1qPJcZxg+qDucsr+bP6fLD1rPS3AhJ7EQ==}

  get-nonce@1.0.1:
    resolution: {integrity: sha512-FJhYRoDaiatfEkUK8HKlicmu/3SGFD51q3itKDGoSTysQJBnfOcxU5GxnhE1E6soB76MbT0MBtnKJuXyAx+96Q==}
    engines: {node: '>=6'}

  performant-array-to-tree@1.11.0:
    resolution: {integrity: sha512-YwCqIDvnaebXaKuKQhI5yJD6ryDc3FxvoeX/5ougXTKDUWb7s5S2BuBgIyftCa4sBe1+ZU5Kmi4RJy+pjjjrpw==}

  react-freeze@1.0.4:
    resolution: {integrity: sha512-r4F0Sec0BLxWicc7HEyo2x3/2icUTrRmDjaaRyzzn+7aDyFZliszMDOgLVwSnQnYENOlL1o569Ze2HZefk8clA==}
    engines: {node: '>=10'}
    peerDependencies:
      react: '>=17.0.0'

  react-remove-scroll-bar@2.3.8:
    resolution: {integrity: sha512-9r+yi9+mgU33AKcj6IbT9oRCO78WriSj6t/cF8DWBZJ9aOGPOTEDvdUDz1FwKim7QXWwmHqtdHnRJfhAxEG46Q==}
    engines: {node: '>=10'}
    peerDependencies:
      '@types/react': '*'
      react: ^16.8.0 || ^17.0.0 || ^18.0.0 || ^19.0.0
    peerDependenciesMeta:
      '@types/react':
        optional: true

  react-remove-scroll@2.5.5:
    resolution: {integrity: sha512-ImKhrzJJsyXJfBZ4bzu8Bwpka14c/fQt0k+cyFp/PBhTfyDnU5hjOtM4AG/0AMyy8oKzOTR0lDgJIM7pYXI0kw==}
    engines: {node: '>=10'}
    peerDependencies:
      '@types/react': ^16.8.0 || ^17.0.0 || ^18.0.0
      react: ^16.8.0 || ^17.0.0 || ^18.0.0
    peerDependenciesMeta:
      '@types/react':
        optional: true

  react-style-singleton@2.2.3:
    resolution: {integrity: sha512-b6jSvxvVnyptAiLjbkWLE/lOnR4lfTtDAl+eUC7RZy+QQWc6wRzIV2CE6xBuMmDxc2qIihtDCZD5NPOFl7fRBQ==}
    engines: {node: '>=10'}
    peerDependencies:
      '@types/react': '*'
      react: ^16.8.0 || ^17.0.0 || ^18.0.0 || ^19.0.0 || ^19.0.0-rc
    peerDependenciesMeta:
      '@types/react':
        optional: true

  reforest@0.13.0:
    resolution: {integrity: sha512-f0It/s51f1UWCCCni0viULALDBhxWBPFnLmZRYtKcz4zYeNWqeNTdcnU/OpBry9tk+jyMQcH3MLK8UdzsAvA5w==}
    peerDependencies:
      react: '>=16.8'

  tabbable@6.4.0:
    resolution: {integrity: sha512-05PUHKSNE8ou2dwIxTngl4EzcnsCDZGJ/iCLtDflR/SHB/ny14rXc+qU5P4mG9JkusiV7EivzY9Mhm55AzAvCg==}

  tamagui@1.108.4:
    resolution: {integrity: sha512-IYdMwpn4nYz/+xbI3OEehQ7lt15brC0z58akJRjVfUEfQmnGhKOKIt1RwOmEg0p9oefKeyXoX36K3jSf72/gvg==}
    peerDependencies:
      react: '*'

  tslib@2.8.1:
    resolution: {integrity: sha512-oJFu94HQb+KVduSUQL7wnpmqnfmLsOA/nAh6b6EH0wCEoK0/mPeXU6c3wKDV83MkOuHPRHtSXKKU99IBazS/2w==}

  use-callback-ref@1.3.3:
    resolution: {integrity: sha512-jQL3lRnocaFtu3V00JToYz/4QkNWswxijDaCVNZRiRTO3HQDLsdu1ZtmIUvV4yPp+rvWm5j0y0TG/S61cuijTg==}
    engines: {node: '>=10'}
    peerDependencies:
      '@types/react': '*'
      react: ^16.8.0 || ^17.0.0 || ^18.0.0 || ^19.0.0 || ^19.0.0-rc
    peerDependenciesMeta:
      '@types/react':
        optional: true

  use-sidecar@1.1.3:
    resolution: {integrity: sha512-Fedw0aZvkhynoPYlA5WXrMCAMm+nSWdZt6lzJQ7Ok8S6Q+VsHmHpRWndVRJ8Be0ZbkfPc5LRYH+5XrzXcEeLRQ==}
    engines: {node: '>=10'}
    peerDependencies:
      '@types/react': '*'
      react: ^16.8.0 || ^17.0.0 || ^18.0.0 || ^19.0.0 || ^19.0.0-rc
    peerDependenciesMeta:
      '@types/react':
        optional: true

  use-sync-external-store@1.6.0:
    resolution: {integrity: sha512-Pp6GSwGP/NrPIrxVFAIkOQeyw8lFenOHijQWkUTrDvrF4ALqylP2C/KCkeS9dpUM3KvYRQhna5vt7IL95+ZQ9w==}
    peerDependencies:
      react: ^16.8.0 || ^17.0.0 || ^18.0.0 || ^19.0.0

  zustand@4.5.7:
    resolution: {integrity: sha512-CHOUy7mu3lbD6o6LJLfllpjkzhHXSBlX8B9+qPddUsIfeF5S/UZ5q0kmCsnRqT1UHFQZchNFDDzMbQsuesHWlw==}
    engines: {node: '>=12.7.0'}
    peerDependencies:
      '@types/react': '>=16.8'
      immer: '>=9.0.6'
      react: '>=16.8'
    peerDependenciesMeta:
      '@types/react':
        optional: true
      immer:
        optional: true
      react:
        optional: true

snapshots:

  '@floating-ui/core@1.7.5':
    dependencies:
      '@floating-ui/utils': 0.2.11

  '@floating-ui/dom@1.7.6':
    dependencies:
      '@floating-ui/core': 1.7.5
      '@floating-ui/utils': 0.2.11

  '@floating-ui/react-dom@2.1.8':
    dependencies:
      '@floating-ui/dom': 1.7.6

  '@floating-ui/react-native@0.10.9':
    dependencies:
      '@floating-ui/core': 1.7.5

  '@floating-ui/react@0.26.28':
    dependencies:
      '@floating-ui/react-dom': 2.1.8
      '@floating-ui/utils': 0.2.11
      tabbable: 6.4.0

  '@floating-ui/utils@0.2.11': {}

  '@react-native/normalize-color@2.1.0': {}

  '@tamagui/accordion@1.108.4':
    dependencies:
      '@tamagui/collapsible': 1.108.4
      '@tamagui/collection': 1.108.4
      '@tamagui/compose-refs': 1.108.4
      '@tamagui/constants': 1.108.4
      '@tamagui/core': 1.108.4
      '@tamagui/create-context': 1.108.4
      '@tamagui/polyfill-dev': 1.108.4
      '@tamagui/stacks': 1.108.4
      '@tamagui/use-controllable-state': 1.108.4

  '@tamagui/adapt@1.108.4':
    dependencies:
      '@tamagui/constants': 1.108.4
      '@tamagui/core': 1.108.4
      '@tamagui/helpers': 1.108.4
    transitivePeerDependencies:
      - react

  '@tamagui/alert-dialog@1.108.4':
    dependencies:
      '@tamagui/animate-presence': 1.108.4
      '@tamagui/aria-hidden': 1.108.4
      '@tamagui/compose-refs': 1.108.4
      '@tamagui/constants': 1.108.4
      '@tamagui/core': 1.108.4
      '@tamagui/create-context': 1.108.4
      '@tamagui/dialog': 1.108.4
      '@tamagui/dismissable': 1.108.4
      '@tamagui/focus-scope': 1.108.4
      '@tamagui/helpers': 1.108.4
      '@tamagui/polyfill-dev': 1.108.4
      '@tamagui/popper': 1.108.4
      '@tamagui/portal': 1.108.4
      '@tamagui/remove-scroll': 1.108.4
      '@tamagui/stacks': 1.108.4
      '@tamagui/text': 1.108.4
      '@tamagui/use-controllable-state': 1.108.4
    transitivePeerDependencies:
      - '@types/react'
      - react-dom
      - react-native

  '@tamagui/animate-presence@1.108.4':
    dependencies:
      '@tamagui/helpers': 1.108.4
      '@tamagui/use-constant': 1.108.4
      '@tamagui/use-force-update': 1.108.4
      '@tamagui/use-presence': 1.108.4
      '@tamagui/web': 1.108.4
    transitivePeerDependencies:
      - react

  '@tamagui/animate@1.108.4':
    dependencies:
      '@tamagui/animate-presence': 1.108.4
    transitivePeerDependencies:
      - react

  '@tamagui/animations-css@1.108.4':
    dependencies:
      '@tamagui/constants': 1.108.4
      '@tamagui/cubic-bezier-animator': 1.108.4
      '@tamagui/use-presence': 1.108.4
      '@tamagui/web': 1.108.4

  '@tamagui/animations-moti@1.108.4':
    dependencies:
      '@tamagui/use-presence': 1.108.4
      '@tamagui/web': 1.108.4

  '@tamagui/animations-react-native@1.108.4':
    dependencies:
      '@tamagui/constants': 1.108.4
      '@tamagui/use-presence': 1.108.4
      '@tamagui/web': 1.108.4

  '@tamagui/aria-hidden@1.108.4':
    dependencies:
      aria-hidden: 1.2.6

  '@tamagui/avatar@1.108.4':
    dependencies:
      '@tamagui/core': 1.108.4
      '@tamagui/helpers': 1.108.4
      '@tamagui/image': 1.108.4
      '@tamagui/shapes': 1.108.4
      '@tamagui/text': 1.108.4

  '@tamagui/button@1.108.4':
    dependencies:
      '@tamagui/font-size': 1.108.4
      '@tamagui/get-button-sized': 1.108.4
      '@tamagui/helpers': 1.108.4
      '@tamagui/helpers-tamagui': 1.108.4
      '@tamagui/stacks': 1.108.4
      '@tamagui/text': 1.108.4
      '@tamagui/web': 1.108.4

  '@tamagui/card@1.108.4':
    dependencies:
      '@tamagui/create-context': 1.108.4
      '@tamagui/helpers': 1.108.4
      '@tamagui/stacks': 1.108.4
      '@tamagui/web': 1.108.4

  '@tamagui/checkbox-headless@1.108.4':
    dependencies:
      '@tamagui/compose-refs': 1.108.4
      '@tamagui/constants': 1.108.4
      '@tamagui/create-context': 1.108.4
      '@tamagui/focusable': 1.108.4
      '@tamagui/helpers': 1.108.4
      '@tamagui/label': 1.108.4
      '@tamagui/use-controllable-state': 1.108.4
      '@tamagui/use-previous': 1.108.4
    transitivePeerDependencies:
      - react-native

  '@tamagui/checkbox@1.108.4':
    dependencies:
      '@tamagui/checkbox-headless': 1.108.4
      '@tamagui/compose-refs': 1.108.4
      '@tamagui/constants': 1.108.4
      '@tamagui/core': 1.108.4
      '@tamagui/create-context': 1.108.4
      '@tamagui/focusable': 1.108.4
      '@tamagui/font-size': 1.108.4
      '@tamagui/get-token': 1.108.4
      '@tamagui/helpers': 1.108.4
      '@tamagui/helpers-tamagui': 1.108.4
      '@tamagui/label': 1.108.4
      '@tamagui/stacks': 1.108.4
      '@tamagui/use-controllable-state': 1.108.4
      '@tamagui/use-previous': 1.108.4
    transitivePeerDependencies:
      - react-native

  '@tamagui/collapsible@1.108.4':
    dependencies:
      '@tamagui/animate-presence': 1.108.4
      '@tamagui/compose-refs': 1.108.4
      '@tamagui/core': 1.108.4
      '@tamagui/create-context': 1.108.4
      '@tamagui/helpers': 1.108.4
      '@tamagui/polyfill-dev': 1.108.4
      '@tamagui/stacks': 1.108.4
      '@tamagui/use-controllable-state': 1.108.4

  '@tamagui/collection@1.108.4':
    dependencies:
      '@tamagui/compose-refs': 1.108.4
      '@tamagui/constants': 1.108.4
      '@tamagui/core': 1.108.4
      '@tamagui/create-context': 1.108.4
      '@tamagui/polyfill-dev': 1.108.4
      '@tamagui/stacks': 1.108.4
      '@tamagui/use-controllable-state': 1.108.4

  '@tamagui/colors@1.108.4': {}

  '@tamagui/compose-refs@1.108.4': {}

  '@tamagui/config@1.108.4':
    dependencies:
      '@tamagui/animations-css': 1.108.4
      '@tamagui/animations-moti': 1.108.4
      '@tamagui/animations-react-native': 1.108.4
      '@tamagui/colors': 1.108.4
      '@tamagui/font-inter': 1.108.4
      '@tamagui/font-silkscreen': 1.108.4
      '@tamagui/react-native-media-driver': 1.108.4
      '@tamagui/shorthands': 1.108.4
      '@tamagui/themes': 1.108.4
      '@tamagui/web': 1.108.4
    transitivePeerDependencies:
      - moti
      - react
      - react-native

  '@tamagui/constants@1.108.4': {}

  '@tamagui/core@1.108.4':
    dependencies:
      '@tamagui/react-native-use-pressable': 1.108.4
      '@tamagui/react-native-use-responder-events': 1.108.4
      '@tamagui/use-event': 1.108.4
      '@tamagui/web': 1.108.4
    transitivePeerDependencies:
      - react

  '@tamagui/create-context@1.108.4': {}

  '@tamagui/create-theme@1.108.4':
    dependencies:
      '@tamagui/web': 1.108.4
    transitivePeerDependencies:
      - react

  '@tamagui/cubic-bezier-animator@1.108.4': {}

  '@tamagui/dialog@1.108.4':
    dependencies:
      '@tamagui/adapt': 1.108.4
      '@tamagui/animate-presence': 1.108.4
      '@tamagui/aria-hidden': 1.108.4
      '@tamagui/compose-refs': 1.108.4
      '@tamagui/constants': 1.108.4
      '@tamagui/core': 1.108.4
      '@tamagui/create-context': 1.108.4
      '@tamagui/dismissable': 1.108.4
      '@tamagui/focus-scope': 1.108.4
      '@tamagui/helpers': 1.108.4
      '@tamagui/polyfill-dev': 1.108.4
      '@tamagui/popper': 1.108.4
      '@tamagui/portal': 1.108.4
      '@tamagui/remove-scroll': 1.108.4
      '@tamagui/sheet': 1.108.4
      '@tamagui/stacks': 1.108.4
      '@tamagui/text': 1.108.4
      '@tamagui/use-controllable-state': 1.108.4
    transitivePeerDependencies:
      - '@types/react'
      - react-dom
      - react-native

  '@tamagui/dismissable@1.108.4':
    dependencies:
      '@tamagui/compose-refs': 1.108.4
      '@tamagui/core': 1.108.4
      '@tamagui/helpers': 1.108.4
      '@tamagui/use-escape-keydown': 1.108.4
      '@tamagui/use-event': 1.108.4

  '@tamagui/elements@1.108.4':
    dependencies:
      '@tamagui/core': 1.108.4

  '@tamagui/fake-react-native@1.108.4': {}

  '@tamagui/floating@1.108.4':
    dependencies:
      '@floating-ui/react-dom': 2.1.8
      '@floating-ui/react-native': 0.10.9
    transitivePeerDependencies:
      - react-dom
      - react-native

  '@tamagui/focus-scope@1.108.4':
    dependencies:
      '@tamagui/compose-refs': 1.108.4
      '@tamagui/use-event': 1.108.4

  '@tamagui/focusable@1.108.4':
    dependencies:
      '@tamagui/compose-refs': 1.108.4
      '@tamagui/web': 1.108.4

  '@tamagui/font-inter@1.108.4':
    dependencies:
      '@tamagui/core': 1.108.4
    transitivePeerDependencies:
      - react

  '@tamagui/font-silkscreen@1.108.4':
    dependencies:
      '@tamagui/core': 1.108.4
    transitivePeerDependencies:
      - react

  '@tamagui/font-size@1.108.4':
    dependencies:
      '@tamagui/core': 1.108.4

  '@tamagui/form@1.108.4':
    dependencies:
      '@tamagui/compose-refs': 1.108.4
      '@tamagui/core': 1.108.4
      '@tamagui/create-context': 1.108.4
      '@tamagui/focusable': 1.108.4
      '@tamagui/get-button-sized': 1.108.4
      '@tamagui/get-font-sized': 1.108.4
      '@tamagui/helpers': 1.108.4
      '@tamagui/text': 1.108.4

  '@tamagui/get-button-sized@1.108.4':
    dependencies:
      '@tamagui/get-token': 1.108.4
      '@tamagui/web': 1.108.4

  '@tamagui/get-font-sized@1.108.4':
    dependencies:
      '@tamagui/core': 1.108.4

  '@tamagui/get-token@1.108.4':
    dependencies:
      '@tamagui/web': 1.108.4

  '@tamagui/group@1.108.4':
    dependencies:
      '@tamagui/core': 1.108.4
      '@tamagui/create-context': 1.108.4
      '@tamagui/helpers': 1.108.4
      '@tamagui/stacks': 1.108.4
      '@tamagui/use-controllable-state': 1.108.4
      reforest: 0.13.0
    transitivePeerDependencies:
      - '@types/react'
      - immer

  '@tamagui/helpers-icon@1.108.4':
    dependencies:
      '@tamagui/core': 1.108.4

  '@tamagui/helpers-tamagui@1.108.4':
    dependencies:
      '@tamagui/helpers': 1.108.4
      '@tamagui/web': 1.108.4

  '@tamagui/helpers@1.108.4':
    dependencies:
      '@tamagui/constants': 1.108.4
      '@tamagui/simple-hash': 1.108.4
    transitivePeerDependencies:
      - react

  '@tamagui/image@1.108.4':
    dependencies:
      '@tamagui/constants': 1.108.4
      '@tamagui/core': 1.108.4

  '@tamagui/label@1.108.4':
    dependencies:
      '@tamagui/compose-refs': 1.108.4
      '@tamagui/constants': 1.108.4
      '@tamagui/create-context': 1.108.4
      '@tamagui/focusable': 1.108.4
      '@tamagui/get-button-sized': 1.108.4
      '@tamagui/get-font-sized': 1.108.4
      '@tamagui/text': 1.108.4
      '@tamagui/web': 1.108.4

  '@tamagui/linear-gradient@1.108.4':
    dependencies:
      '@tamagui/core': 1.108.4
      '@tamagui/stacks': 1.108.4

  '@tamagui/list-item@1.108.4':
    dependencies:
      '@tamagui/font-size': 1.108.4
      '@tamagui/get-font-sized': 1.108.4
      '@tamagui/get-token': 1.108.4
      '@tamagui/helpers': 1.108.4
      '@tamagui/helpers-tamagui': 1.108.4
      '@tamagui/stacks': 1.108.4
      '@tamagui/text': 1.108.4
      '@tamagui/web': 1.108.4

  '@tamagui/lucide-icons@1.108.4':
    dependencies:
      '@tamagui/core': 1.108.4
      '@tamagui/helpers-icon': 1.108.4

  '@tamagui/normalize-css-color@1.108.4':
    dependencies:
      '@react-native/normalize-color': 2.1.0

  '@tamagui/polyfill-dev@1.108.4': {}

  '@tamagui/popover@1.108.4':
    dependencies:
      '@floating-ui/react': 0.26.28
      '@tamagui/adapt': 1.108.4
      '@tamagui/animate': 1.108.4
      '@tamagui/aria-hidden': 1.108.4
      '@tamagui/compose-refs': 1.108.4
      '@tamagui/constants': 1.108.4
      '@tamagui/core': 1.108.4
      '@tamagui/dismissable': 1.108.4
      '@tamagui/floating': 1.108.4
      '@tamagui/focus-scope': 1.108.4
      '@tamagui/helpers': 1.108.4
      '@tamagui/polyfill-dev': 1.108.4
      '@tamagui/popper': 1.108.4
      '@tamagui/portal': 1.108.4
      '@tamagui/remove-scroll': 1.108.4
      '@tamagui/scroll-view': 1.108.4
      '@tamagui/sheet': 1.108.4
      '@tamagui/stacks': 1.108.4
      '@tamagui/use-controllable-state': 1.108.4
      react-freeze: 1.0.4
    transitivePeerDependencies:
      - '@types/react'
      - react-dom
      - react-native

  '@tamagui/popper@1.108.4':
    dependencies:
      '@tamagui/compose-refs': 1.108.4
      '@tamagui/constants': 1.108.4
      '@tamagui/core': 1.108.4
      '@tamagui/floating': 1.108.4
      '@tamagui/get-token': 1.108.4
      '@tamagui/stacks': 1.108.4
      '@tamagui/use-controllable-state': 1.108.4
    transitivePeerDependencies:
      - react-dom
      - react-native

  '@tamagui/portal@1.108.4':
    dependencies:
      '@tamagui/constants': 1.108.4
      '@tamagui/core': 1.108.4
      '@tamagui/stacks': 1.108.4
      '@tamagui/use-did-finish-ssr': 1.108.4
      '@tamagui/use-event': 1.108.4

  '@tamagui/progress@1.108.4':
    dependencies:
      '@tamagui/compose-refs': 1.108.4
      '@tamagui/core': 1.108.4
      '@tamagui/create-context': 1.108.4
      '@tamagui/get-token': 1.108.4
      '@tamagui/helpers': 1.108.4
      '@tamagui/stacks': 1.108.4

  '@tamagui/radio-group@1.108.4':
    dependencies:
      '@tamagui/compose-refs': 1.108.4
      '@tamagui/constants': 1.108.4
      '@tamagui/core': 1.108.4
      '@tamagui/create-context': 1.108.4
      '@tamagui/focusable': 1.108.4
      '@tamagui/get-token': 1.108.4
      '@tamagui/helpers': 1.108.4
      '@tamagui/label': 1.108.4
      '@tamagui/radio-headless': 1.108.4
      '@tamagui/roving-focus': 1.108.4
      '@tamagui/stacks': 1.108.4
      '@tamagui/use-controllable-state': 1.108.4
      '@tamagui/use-previous': 1.108.4
    transitivePeerDependencies:
      - react-native

  '@tamagui/radio-headless@1.108.4':
    dependencies:
      '@tamagui/compose-refs': 1.108.4
      '@tamagui/constants': 1.108.4
      '@tamagui/create-context': 1.108.4
      '@tamagui/focusable': 1.108.4
      '@tamagui/helpers': 1.108.4
      '@tamagui/label': 1.108.4
      '@tamagui/use-controllable-state': 1.108.4
      '@tamagui/use-previous': 1.108.4
    transitivePeerDependencies:
      - react-native

  '@tamagui/react-native-media-driver@1.108.4':
    dependencies:
      '@tamagui/web': 1.108.4
    transitivePeerDependencies:
      - react

  '@tamagui/react-native-use-pressable@1.108.4': {}

  '@tamagui/react-native-use-responder-events@1.108.4': {}

  '@tamagui/remove-scroll@1.108.4':
    dependencies:
      react-remove-scroll: 2.5.5
    transitivePeerDependencies:
      - '@types/react'

  '@tamagui/roving-focus@1.108.4':
    dependencies:
      '@tamagui/collection': 1.108.4
      '@tamagui/compose-refs': 1.108.4
      '@tamagui/constants': 1.108.4
      '@tamagui/core': 1.108.4
      '@tamagui/create-context': 1.108.4
      '@tamagui/helpers': 1.108.4
      '@tamagui/use-controllable-state': 1.108.4
      '@tamagui/use-direction': 1.108.4
      '@tamagui/use-event': 1.108.4

  '@tamagui/scroll-view@1.108.4':
    dependencies:
      '@tamagui/stacks': 1.108.4
      '@tamagui/web': 1.108.4

  '@tamagui/select@1.108.4':
    dependencies:
      '@floating-ui/react': 0.26.28
      '@floating-ui/react-dom': 2.1.8
      '@floating-ui/react-native': 0.10.9
      '@tamagui/adapt': 1.108.4
      '@tamagui/animate-presence': 1.108.4
      '@tamagui/compose-refs': 1.108.4
      '@tamagui/constants': 1.108.4
      '@tamagui/core': 1.108.4
      '@tamagui/create-context': 1.108.4
      '@tamagui/dismissable': 1.108.4
      '@tamagui/focus-scope': 1.108.4
      '@tamagui/get-token': 1.108.4
      '@tamagui/helpers': 1.108.4
      '@tamagui/list-item': 1.108.4
      '@tamagui/portal': 1.108.4
      '@tamagui/remove-scroll': 1.108.4
      '@tamagui/separator': 1.108.4
      '@tamagui/sheet': 1.108.4
      '@tamagui/stacks': 1.108.4
      '@tamagui/text': 1.108.4
      '@tamagui/use-controllable-state': 1.108.4
      '@tamagui/use-debounce': 1.108.4
      '@tamagui/use-event': 1.108.4
      '@tamagui/use-previous': 1.108.4
    transitivePeerDependencies:
      - '@types/react'
      - react-dom
      - react-native

  '@tamagui/separator@1.108.4':
    dependencies:
      '@tamagui/constants': 1.108.4
      '@tamagui/core': 1.108.4

  '@tamagui/shapes@1.108.4':
    dependencies:
      '@tamagui/stacks': 1.108.4
      '@tamagui/web': 1.108.4

  '@tamagui/sheet@1.108.4':
    dependencies:
      '@tamagui/animate-presence': 1.108.4
      '@tamagui/animations-react-native': 1.108.4
      '@tamagui/compose-refs': 1.108.4
      '@tamagui/constants': 1.108.4
      '@tamagui/core': 1.108.4
      '@tamagui/create-context': 1.108.4
      '@tamagui/helpers': 1.108.4
      '@tamagui/portal': 1.108.4
      '@tamagui/remove-scroll': 1.108.4
      '@tamagui/scroll-view': 1.108.4
      '@tamagui/stacks': 1.108.4
      '@tamagui/use-constant': 1.108.4
      '@tamagui/use-controllable-state': 1.108.4
      '@tamagui/use-keyboard-visible': 1.108.4
    transitivePeerDependencies:
      - '@types/react'

  '@tamagui/shorthands@1.108.4': {}

  '@tamagui/simple-hash@1.108.4': {}

  '@tamagui/slider@1.108.4':
    dependencies:
      '@tamagui/compose-refs': 1.108.4
      '@tamagui/constants': 1.108.4
      '@tamagui/core': 1.108.4
      '@tamagui/create-context': 1.108.4
      '@tamagui/get-token': 1.108.4
      '@tamagui/helpers': 1.108.4
      '@tamagui/stacks': 1.108.4
      '@tamagui/use-controllable-state': 1.108.4
      '@tamagui/use-debounce': 1.108.4
      '@tamagui/use-direction': 1.108.4

  '@tamagui/stacks@1.108.4':
    dependencies:
      '@tamagui/core': 1.108.4

  '@tamagui/switch-headless@1.108.4':
    dependencies:
      '@tamagui/compose-refs': 1.108.4
      '@tamagui/constants': 1.108.4
      '@tamagui/helpers': 1.108.4
      '@tamagui/label': 1.108.4
      '@tamagui/use-previous': 1.108.4
    transitivePeerDependencies:
      - react-native

  '@tamagui/switch@1.108.4':
    dependencies:
      '@tamagui/compose-refs': 1.108.4
      '@tamagui/constants': 1.108.4
      '@tamagui/core': 1.108.4
      '@tamagui/focusable': 1.108.4
      '@tamagui/get-token': 1.108.4
      '@tamagui/helpers': 1.108.4
      '@tamagui/label': 1.108.4
      '@tamagui/stacks': 1.108.4
      '@tamagui/switch-headless': 1.108.4
      '@tamagui/use-controllable-state': 1.108.4
      '@tamagui/use-previous': 1.108.4
    transitivePeerDependencies:
      - react-native

  '@tamagui/tabs@1.108.4':
    dependencies:
      '@tamagui/compose-refs': 1.108.4
      '@tamagui/constants': 1.108.4
      '@tamagui/create-context': 1.108.4
      '@tamagui/get-button-sized': 1.108.4
      '@tamagui/group': 1.108.4
      '@tamagui/helpers': 1.108.4
      '@tamagui/roving-focus': 1.108.4
      '@tamagui/stacks': 1.108.4
      '@tamagui/use-controllable-state': 1.108.4
      '@tamagui/use-direction': 1.108.4
      '@tamagui/web': 1.108.4
    transitivePeerDependencies:
      - '@types/react'
      - immer

  '@tamagui/text@1.108.4':
    dependencies:
      '@tamagui/get-font-sized': 1.108.4
      '@tamagui/helpers-tamagui': 1.108.4
      '@tamagui/web': 1.108.4

  '@tamagui/theme-builder@1.108.4':
    dependencies:
      '@tamagui/create-theme': 1.108.4
      color2k: 2.0.3
    transitivePeerDependencies:
      - react

  '@tamagui/theme@1.108.4':
    dependencies:
      '@tamagui/constants': 1.108.4
      '@tamagui/web': 1.108.4

  '@tamagui/themes@1.108.4':
    dependencies:
      '@tamagui/colors': 1.108.4
      '@tamagui/create-theme': 1.108.4
      '@tamagui/theme-builder': 1.108.4
      '@tamagui/web': 1.108.4
    transitivePeerDependencies:
      - react

  '@tamagui/timer@1.108.4': {}

  '@tamagui/toggle-group@1.108.4':
    dependencies:
      '@tamagui/constants': 1.108.4
      '@tamagui/create-context': 1.108.4
      '@tamagui/focusable': 1.108.4
      '@tamagui/font-size': 1.108.4
      '@tamagui/get-token': 1.108.4
      '@tamagui/group': 1.108.4
      '@tamagui/helpers': 1.108.4
      '@tamagui/helpers-tamagui': 1.108.4
      '@tamagui/roving-focus': 1.108.4
      '@tamagui/stacks': 1.108.4
      '@tamagui/use-controllable-state': 1.108.4
      '@tamagui/use-direction': 1.108.4
      '@tamagui/web': 1.108.4
    transitivePeerDependencies:
      - '@types/react'
      - immer

  '@tamagui/tooltip@1.108.4':
    dependencies:
      '@floating-ui/react': 0.26.28
      '@tamagui/compose-refs': 1.108.4
      '@tamagui/core': 1.108.4
      '@tamagui/create-context': 1.108.4
      '@tamagui/floating': 1.108.4
      '@tamagui/get-token': 1.108.4
      '@tamagui/helpers': 1.108.4
      '@tamagui/polyfill-dev': 1.108.4
      '@tamagui/popover': 1.108.4
      '@tamagui/popper': 1.108.4
      '@tamagui/stacks': 1.108.4
      '@tamagui/text': 1.108.4
      '@tamagui/use-controllable-state': 1.108.4
    transitivePeerDependencies:
      - '@types/react'
      - react-dom
      - react-native

  '@tamagui/types@1.108.4': {}

  '@tamagui/use-callback-ref@1.108.4': {}

  '@tamagui/use-constant@1.108.4': {}

  '@tamagui/use-controllable-state@1.108.4':
    dependencies:
      '@tamagui/use-event': 1.108.4

  '@tamagui/use-debounce@1.108.4': {}

  '@tamagui/use-did-finish-ssr@1.108.4':
    dependencies:
      '@tamagui/constants': 1.108.4

  '@tamagui/use-direction@1.108.4': {}

  '@tamagui/use-escape-keydown@1.108.4':
    dependencies:
      '@tamagui/use-callback-ref': 1.108.4

  '@tamagui/use-event@1.108.4':
    dependencies:
      '@tamagui/constants': 1.108.4

  '@tamagui/use-force-update@1.108.4': {}

  '@tamagui/use-keyboard-visible@1.108.4': {}

  '@tamagui/use-presence@1.108.4':
    dependencies:
      '@tamagui/web': 1.108.4

  '@tamagui/use-previous@1.108.4': {}

  '@tamagui/use-window-dimensions@1.108.4':
    dependencies:
      '@tamagui/constants': 1.108.4

  '@tamagui/visually-hidden@1.108.4':
    dependencies:
      '@tamagui/web': 1.108.4

  '@tamagui/web@1.108.4':
    dependencies:
      '@tamagui/compose-refs': 1.108.4
      '@tamagui/constants': 1.108.4
      '@tamagui/helpers': 1.108.4
      '@tamagui/normalize-css-color': 1.108.4
      '@tamagui/timer': 1.108.4
      '@tamagui/types': 1.108.4
      '@tamagui/use-did-finish-ssr': 1.108.4
      '@tamagui/use-event': 1.108.4
      '@tamagui/use-force-update': 1.108.4
    transitivePeerDependencies:
      - react

  aria-hidden@1.2.6:
    dependencies:
      tslib: 2.8.1

  color2k@2.0.3: {}

  detect-node-es@1.1.0: {}

  get-nonce@1.0.1: {}

  performant-array-to-tree@1.11.0: {}

  react-freeze@1.0.4: {}

  react-remove-scroll-bar@2.3.8:
    dependencies:
      react-style-singleton: 2.2.3
      tslib: 2.8.1

  react-remove-scroll@2.5.5:
    dependencies:
      react-remove-scroll-bar: 2.3.8
      react-style-singleton: 2.2.3
      tslib: 2.8.1
      use-callback-ref: 1.3.3
      use-sidecar: 1.1.3

  react-style-singleton@2.2.3:
    dependencies:
      get-nonce: 1.0.1
      tslib: 2.8.1

  reforest@0.13.0:
    dependencies:
      performant-array-to-tree: 1.11.0
      zustand: 4.5.7
    transitivePeerDependencies:
      - '@types/react'
      - immer

  tabbable@6.4.0: {}

  tamagui@1.108.4:
    dependencies:
      '@tamagui/accordion': 1.108.4
      '@tamagui/adapt': 1.108.4
      '@tamagui/alert-dialog': 1.108.4
      '@tamagui/animate-presence': 1.108.4
      '@tamagui/avatar': 1.108.4
      '@tamagui/button': 1.108.4
      '@tamagui/card': 1.108.4
      '@tamagui/checkbox': 1.108.4
      '@tamagui/compose-refs': 1.108.4
      '@tamagui/constants': 1.108.4
      '@tamagui/core': 1.108.4
      '@tamagui/create-context': 1.108.4
      '@tamagui/dialog': 1.108.4
      '@tamagui/elements': 1.108.4
      '@tamagui/fake-react-native': 1.108.4
      '@tamagui/focusable': 1.108.4
      '@tamagui/font-size': 1.108.4
      '@tamagui/form': 1.108.4
      '@tamagui/get-button-sized': 1.108.4
      '@tamagui/get-font-sized': 1.108.4
      '@tamagui/get-token': 1.108.4
      '@tamagui/group': 1.108.4
      '@tamagui/helpers-tamagui': 1.108.4
      '@tamagui/image': 1.108.4
      '@tamagui/label': 1.108.4
      '@tamagui/linear-gradient': 1.108.4
      '@tamagui/list-item': 1.108.4
      '@tamagui/polyfill-dev': 1.108.4
      '@tamagui/popover': 1.108.4
      '@tamagui/popper': 1.108.4
      '@tamagui/portal': 1.108.4
      '@tamagui/progress': 1.108.4
      '@tamagui/radio-group': 1.108.4
      '@tamagui/react-native-media-driver': 1.108.4
      '@tamagui/scroll-view': 1.108.4
      '@tamagui/select': 1.108.4
      '@tamagui/separator': 1.108.4
      '@tamagui/shapes': 1.108.4
      '@tamagui/sheet': 1.108.4
      '@tamagui/slider': 1.108.4
      '@tamagui/stacks': 1.108.4
      '@tamagui/switch': 1.108.4
      '@tamagui/tabs': 1.108.4
      '@tamagui/text': 1.108.4
      '@tamagui/theme': 1.108.4
      '@tamagui/toggle-group': 1.108.4
      '@tamagui/tooltip': 1.108.4
      '@tamagui/use-controllable-state': 1.108.4
      '@tamagui/use-debounce': 1.108.4
      '@tamagui/use-force-update': 1.108.4
      '@tamagui/use-window-dimensions': 1.108.4
      '@tamagui/visually-hidden': 1.108.4
    transitivePeerDependencies:
      - '@types/react'
      - immer
      - react-dom
      - react-native

  tslib@2.8.1: {}

  use-callback-ref@1.3.3:
    dependencies:
      tslib: 2.8.1

  use-sidecar@1.1.3:
    dependencies:
      detect-node-es: 1.1.0
      tslib: 2.8.1

  use-sync-external-store@1.6.0: {}

  zustand@4.5.7:
    dependencies:
      use-sync-external-store: 1.6.0
